
Microsoft Visual Studio Solution File, Format Version 12.00
# Visual Studio Version 16
VisualStudioVersion = 16.0.30804.86
MinimumVisualStudioVersion = 10.0.40219.1
Project("{9A19103F-16F7-4668-BE54-9A1E7A4F7556}") = "MassageStudio.API", "MassageStudio.API\MassageStudio.API.csproj", "{AD27E008-6555-47F4-9E09-2A6C27F9CF7F}"
EndProject
Project("{2150E333-8FDC-42A3-9474-1A3956D46DE8}") = "Libraries", "Libraries", "{3BFFE6E8-B8CF-4349-A70B-67B2F19AB10F}"
EndProject
Project("{9A19103F-16F7-4668-BE54-9A1E7A4F7556}") = "Data", "..\Libararies\Data\Data.csproj", "{E84C4A77-3AB4-439E-A065-095EA7CDE74F}"
EndProject
Project("{9A19103F-16F7-4668-BE54-9A1E7A4F7556}") = "Models", "..\Libararies\Models\Models.csproj", "{277EB74B-FD77-4505-89E9-579ECAB2DBCE}"
EndProject
Project("{9A19103F-16F7-4668-BE54-9A1E7A4F7556}") = "Services", "..\Libararies\Services\Services.csproj", "{F975B0B7-EC17-49AC-89A0-485AC826AB30}"
EndProject
Project("{9A19103F-16F7-4668-BE54-9A1E7A4F7556}") = "Common", "..\Libararies\Common\Common.csproj", "{1091061B-2CB5-450E-A5E0-4A2A1A29709C}"
EndProject
Project("{FAE04EC0-301F-11D3-BF4B-00C04F79EFBC}") = "MassageStudio.Tests", "..\MassageStudio.Test\MassageStudio.Tests\MassageStudio.Tests.csproj", "{6B5D36B7-3072-4E28-8C5D-9B5BCD598745}"
EndProject
Global
	GlobalSection(SolutionConfigurationPlatforms) = preSolution
		Debug|Any CPU = Debug|Any CPU
		Release|Any CPU = Release|Any CPU
	EndGlobalSection
	GlobalSection(ProjectConfigurationPlatforms) = postSolution
		{AD27E008-6555-47F4-9E09-2A6C27F9CF7F}.Debug|Any CPU.ActiveCfg = Debug|Any CPU
		{AD27E008-6555-47F4-9E09-2A6C27F9CF7F}.Debug|Any CPU.Build.0 = Debug|Any CPU
		{AD27E008-6555-47F4-9E09-2A6C27F9CF7F}.Release|Any CPU.ActiveCfg = Release|Any CPU
		{AD27E008-6555-47F4-9E09-2A6C27F9CF7F}.Release|Any CPU.Build.0 = Release|Any CPU
		{E84C4A77-3AB4-439E-A065-095EA7CDE74F}.Debug|Any CPU.ActiveCfg = Debug|Any CPU
		{E84C4A77-3AB4-439E-A065-095EA7CDE74F}.Debug|Any CPU.Build.0 = Debug|Any CPU
		{E84C4A77-3AB4-439E-A065-095EA7CDE74F}.Release|Any CPU.ActiveCfg = Release|Any CPU
		{E84C4A77-3AB4-439E-A065-095EA7CDE74F}.Release|Any CPU.Build.0 = Release|Any CPU
		{277EB74B-FD77-4505-89E9-579ECAB2DBCE}.Debug|Any CPU.ActiveCfg = Debug|Any CPU
		{277EB74B-FD77-4505-89E9-579ECAB2DBCE}.Debug|Any CPU.Build.0 = Debug|Any CPU
		{277EB74B-FD77-4505-89E9-579ECAB2DBCE}.Release|Any CPU.ActiveCfg = Release|Any CPU
		{277EB74B-FD77-4505-89E9-579ECAB2DBCE}.Release|Any CPU.Build.0 = Release|Any CPU
		{F975B0B7-EC17-49AC-89A0-485AC826AB30}.Debug|Any CPU.ActiveCfg = Debug|Any CPU
		{F975B0B7-EC17-49AC-89A0-485AC826AB30}.Debug|Any CPU.Build.0 = Debug|Any CPU
		{F975B0B7-EC17-49AC-89A0-485AC826AB30}.Release|Any CPU.ActiveCfg = Release|Any CPU
		{F975B0B7-EC17-49AC-89A0-485AC826AB30}.Release|Any CPU.Build.0 = Release|Any CPU
		{1091061B-2CB5-450E-A5E0-4A2A1A29709C}.Debug|Any CPU.ActiveCfg = Debug|Any CPU
		{1091061B-2CB5-450E-A5E0-4A2A1A29709C}.Debug|Any CPU.Build.0 = Debug|Any CPU
		{1091061B-2CB5-450E-A5E0-4A2A1A29709C}.Release|Any CPU.ActiveCfg = Release|Any CPU
		{1091061B-2CB5-450E-A5E0-4A2A1A29709C}.Release|Any CPU.Build.0 = Release|Any CPU
		{6B5D36B7-3072-4E28-8C5D-9B5BCD598745}.Debug|Any CPU.ActiveCfg = Debug|Any CPU
		{6B5D36B7-3072-4E28-8C5D-9B5BCD598745}.Debug|Any CPU.Build.0 = Debug|Any CPU
		{6B5D36B7-3072-4E28-8C5D-9B5BCD598745}.Release|Any CPU.ActiveCfg = Release|Any CPU
		{6B5D36B7-3072-4E28-8C5D-9B5BCD598745}.Release|Any CPU.Build.0 = Release|Any CPU
	EndGlobalSection
	GlobalSection(SolutionProperties) = preSolution
		HideSolutionNode = FALSE
	EndGlobalSection
	GlobalSection(NestedProjects) = preSolution
		{E84C4A77-3AB4-439E-A065-095EA7CDE74F} = {3BFFE6E8-B8CF-4349-A70B-67B2F19AB10F}
		{277EB74B-FD77-4505-89E9-579ECAB2DBCE} = {3BFFE6E8-B8CF-4349-A70B-67B2F19AB10F}
		{F975B0B7-EC17-49AC-89A0-485AC826AB30} = {3BFFE6E8-B8CF-4349-A70B-67B2F19AB10F}
		{1091061B-2CB5-450E-A5E0-4A2A1A29709C} = {3BFFE6E8-B8CF-4349-A70B-67B2F19AB10F}
	EndGlobalSection
	GlobalSection(ExtensibilityGlobals) = postSolution
		SolutionGuid = {80255084-386F-4DFF-BABD-7D7202C17F3A}
	EndGlobalSection
EndGlobal
